
Microsoft Visual Studio Solution File, Format Version 12.00
# Visual Studio Version 16
VisualStudioVersion = 16.0.31025.194
MinimumVisualStudioVersion = 10.0.40219.1
Project("{FAE04EC0-301F-11D3-BF4B-00C04F79EFBC}") = "MVCFormula", "MVCFormula\MVCFormula.csproj", "{0929A31F-B170-42A7-8397-81F3E4A90FE8}"
EndProject
Global
	GlobalSection(SolutionConfigurationPlatforms) = preSolution
		Debug|Any CPU = Debug|Any CPU
		Release|Any CPU = Release|Any CPU
	EndGlobalSection
	GlobalSection(ProjectConfigurationPlatforms) = postSolution
		{0929A31F-B170-42A7-8397-81F3E4A90FE8}.Debug|Any CPU.ActiveCfg = Debug|Any CPU
		{0929A31F-B170-42A7-8397-81F3E4A90FE8}.Debug|Any CPU.Build.0 = Debug|Any CPU
		{0929A31F-B170-42A7-8397-81F3E4A90FE8}.Release|Any CPU.ActiveCfg = Release|Any CPU
		{0929A31F-B170-42A7-8397-81F3E4A90FE8}.Release|Any CPU.Build.0 = Release|Any CPU
	EndGlobalSection
	GlobalSection(SolutionProperties) = preSolution
		HideSolutionNode = FALSE
	EndGlobalSection
	GlobalSection(ExtensibilityGlobals) = postSolution
		SolutionGuid = {999EB538-68B2-43BD-B3D5-7DFC06B828E0}
	EndGlobalSection
EndGlobal
